
Microsoft Visual Studio Solution File, Format Version 12.00
# Visual Studio Version 17
VisualStudioVersion = 17.6.33815.320
MinimumVisualStudioVersion = 10.0.40219.1
Project("{FAE04EC0-301F-11D3-BF4B-00C04F79EFBC}") = "ProSoft", "ProSoft\ProSoft.csproj", "{DCCCD348-D610-436E-A0B7-AC826FD1179B}"
EndProject
Global
	GlobalSection(SolutionConfigurationPlatforms) = preSolution
		Debug|Any CPU = Debug|Any CPU
		Release|Any CPU = Release|Any CPU
	EndGlobalSection
	GlobalSection(ProjectConfigurationPlatforms) = postSolution
		{DCCCD348-D610-436E-A0B7-AC826FD1179B}.Debug|Any CPU.ActiveCfg = Debug|Any CPU
		{DCCCD348-D610-436E-A0B7-AC826FD1179B}.Debug|Any CPU.Build.0 = Debug|Any CPU
		{DCCCD348-D610-436E-A0B7-AC826FD1179B}.Release|Any CPU.ActiveCfg = Release|Any CPU
		{DCCCD348-D610-436E-A0B7-AC826FD1179B}.Release|Any CPU.Build.0 = Release|Any CPU
	EndGlobalSection
	GlobalSection(SolutionProperties) = preSolution
		HideSolutionNode = FALSE
	EndGlobalSection
	GlobalSection(ExtensibilityGlobals) = postSolution
		SolutionGuid = {E08539D3-3FF8-4192-BAB6-D24A0922A58B}
	EndGlobalSection
EndGlobal
